
Microsoft Visual Studio Solution File, Format Version 12.00
# Visual Studio Version 16
VisualStudioVersion = 16.0.32126.315
MinimumVisualStudioVersion = 10.0.40219.1
Project("{FAE04EC0-301F-11D3-BF4B-00C04F79EFBC}") = "Dotnet5CRUD", "Dotnet5CRUD\Dotnet5CRUD.csproj", "{D873256B-B600-42EB-BB42-1DE327A84744}"
EndProject
Global
	GlobalSection(SolutionConfigurationPlatforms) = preSolution
		Debug|Any CPU = Debug|Any CPU
		Release|Any CPU = Release|Any CPU
	EndGlobalSection
	GlobalSection(ProjectConfigurationPlatforms) = postSolution
		{D873256B-B600-42EB-BB42-1DE327A84744}.Debug|Any CPU.ActiveCfg = Debug|Any CPU
		{D873256B-B600-42EB-BB42-1DE327A84744}.Debug|Any CPU.Build.0 = Debug|Any CPU
		{D873256B-B600-42EB-BB42-1DE327A84744}.Release|Any CPU.ActiveCfg = Release|Any CPU
		{D873256B-B600-42EB-BB42-1DE327A84744}.Release|Any CPU.Build.0 = Release|Any CPU
	EndGlobalSection
	GlobalSection(SolutionProperties) = preSolution
		HideSolutionNode = FALSE
	EndGlobalSection
	GlobalSection(ExtensibilityGlobals) = postSolution
		SolutionGuid = {CB295C26-1713-4B1D-B36A-88AD511D2DA9}
	EndGlobalSection
EndGlobal
